
Microsoft Visual Studio Solution File, Format Version 12.00
# Visual Studio Version 17
VisualStudioVersion = 17.4.33110.190
MinimumVisualStudioVersion = 10.0.40219.1
Project("{FAE04EC0-301F-11D3-BF4B-00C04F79EFBC}") = "SistemaInventarioV6", "SistemaInventarioV6\SistemaInventarioV6.csproj", "{B790E1AE-29ED-4C1A-9E3C-DE47BC650CC3}"
EndProject
Global
	GlobalSection(SolutionConfigurationPlatforms) = preSolution
		Debug|Any CPU = Debug|Any CPU
		Release|Any CPU = Release|Any CPU
	EndGlobalSection
	GlobalSection(ProjectConfigurationPlatforms) = postSolution
		{B790E1AE-29ED-4C1A-9E3C-DE47BC650CC3}.Debug|Any CPU.ActiveCfg = Debug|Any CPU
		{B790E1AE-29ED-4C1A-9E3C-DE47BC650CC3}.Debug|Any CPU.Build.0 = Debug|Any CPU
		{B790E1AE-29ED-4C1A-9E3C-DE47BC650CC3}.Release|Any CPU.ActiveCfg = Release|Any CPU
		{B790E1AE-29ED-4C1A-9E3C-DE47BC650CC3}.Release|Any CPU.Build.0 = Release|Any CPU
	EndGlobalSection
	GlobalSection(SolutionProperties) = preSolution
		HideSolutionNode = FALSE
	EndGlobalSection
	GlobalSection(ExtensibilityGlobals) = postSolution
		SolutionGuid = {262C61E2-06EA-4E12-A5CB-75E43556A4C2}
	EndGlobalSection
EndGlobal
